{
  "lockfile_version": "1",
  "packages": {
    "docker@28.5.1": {
      "last_modified": "2025-12-04T04:58:45Z",
      "resolved": "github:NixOS/nixpkgs/821f1a2ebab0f13d6d65170d6bd7d2b3a182efdb#docker",
      "source": "devbox-search",
      "version": "28.5.1",
      "systems": {
        "aarch64-darwin": {
          "outputs": [
            {
              "name": "out",
              "path": "/nix/store/hin3prdkyyljd263lnpk63m7km0mpijy-docker-28.5.1",
              "default": true
            }
          ],
          "store_path": "/nix/store/hin3prdkyyljd263lnpk63m7km0mpijy-docker-28.5.1"
        },
        "aarch64-linux": {
          "outputs": [
            {
              "name": "out",
              "path": "/nix/store/dlbg46jkvcr59i95mwsnz28baffxr1kj-docker-28.5.1",
              "default": true
            }
          ],
          "store_path": "/nix/store/dlbg46jkvcr59i95mwsnz28baffxr1kj-docker-28.5.1"
        },
        "x86_64-darwin": {
          "outputs": [
            {
              "name": "out",
              "path": "/nix/store/767n224knp1sqrikx0x58g4552gfzz2a-docker-28.5.1",
              "default": true
            }
          ],
          "store_path": "/nix/store/767n224knp1sqrikx0x58g4552gfzz2a-docker-28.5.1"
        },
        "x86_64-linux": {
          "outputs": [
            {
              "name": "out",
              "path": "/nix/store/xib93n12k7r8cs4p41rszbr2bx3ca5ay-docker-28.5.1",
              "default": true
            }
          ],
          "store_path": "/nix/store/xib93n12k7r8cs4p41rszbr2bx3ca5ay-docker-28.5.1"
        }
      }
    },
    "github:NixOS/nixpkgs/nixpkgs-unstable": {
      "last_modified": "2026-07-01T23:21:54Z",
      "resolved": "github:NixOS/nixpkgs/9e92285f211dad236540fd617d7e30e0b99bc0e1?lastModified=1782948114&narHash=sha256-AXmz9ho4Lud5CsbrZsuSVwpQZ4o5FgZ1chxBn5cJ8%2B0%3D"
    },
    "helmfile@1.6.0": {
      "last_modified": "2026-06-27T07:37:20Z",
      "resolved": "github:NixOS/nixpkgs/3d46470bb3030020f7e1361f33514854f5bfa86d#helmfile",
      "source": "devbox-search",
      "version": "1.6.0",
      "systems": {
        "aarch64-darwin": {
          "outputs": [
            {
              "name": "out",
              "path": "/nix/store/zsvam8qb86hw0hsjxj7c2491rq2g1jza-helmfile-1.6.0",
              "default": true
            }
          ],
          "store_path": "/nix/store/zsvam8qb86hw0hsjxj7c2491rq2g1jza-helmfile-1.6.0"
        },
        "aarch64-linux": {
          "outputs": [
            {
              "name": "out",
              "path": "/nix/store/aqrcbj4qyi8jihhqg35gi0b22zwr4rf9-helmfile-1.6.0",
              "default": true
            }
          ],
          "store_path": "/nix/store/aqrcbj4qyi8jihhqg35gi0b22zwr4rf9-helmfile-1.6.0"
        },
        "x86_64-darwin": {
          "outputs": [
            {
              "name": "out",
              "path": "/nix/store/598pg2sjkz7gj0wm1mzcfyavkv2yf4yz-helmfile-1.6.0",
              "default": true
            }
          ],
          "store_path": "/nix/store/598pg2sjkz7gj0wm1mzcfyavkv2yf4yz-helmfile-1.6.0"
        },
        "x86_64-linux": {
          "outputs": [
            {
              "name": "out",
              "path": "/nix/store/6s4lmfn9v6cvmvihsvljz2211r6496wp-helmfile-1.6.0",
              "default": true
            }
          ],
          "store_path": "/nix/store/6s4lmfn9v6cvmvihsvljz2211r6496wp-helmfile-1.6.0"
        }
      }
    },
    "kind@0.31.0": {
      "last_modified": "2026-06-27T07:37:20Z",
      "resolved": "github:NixOS/nixpkgs/3d46470bb3030020f7e1361f33514854f5bfa86d#kind",
      "source": "devbox-search",
      "version": "0.31.0",
      "systems": {
        "aarch64-darwin": {
          "outputs": [
            {
              "name": "out",
              "path": "/nix/store/zcbvwl33lj6xf1n0hmdgr54ricwx2b6p-kind-0.31.0",
              "default": true
            }
          ],
          "store_path": "/nix/store/zcbvwl33lj6xf1n0hmdgr54ricwx2b6p-kind-0.31.0"
        },
        "aarch64-linux": {
          "outputs": [
            {
              "name": "out",
              "path": "/nix/store/30ng1cid9rm0hass1sl4hj18jg3qbq72-kind-0.31.0",
              "default": true
            }
          ],
          "store_path": "/nix/store/30ng1cid9rm0hass1sl4hj18jg3qbq72-kind-0.31.0"
        },
        "x86_64-darwin": {
          "outputs": [
            {
              "name": "out",
              "path": "/nix/store/m2433l78a24pn3a2d02sp1j14jb2vg1x-kind-0.31.0",
              "default": true
            }
          ],
          "store_path": "/nix/store/m2433l78a24pn3a2d02sp1j14jb2vg1x-kind-0.31.0"
        },
        "x86_64-linux": {
          "outputs": [
            {
              "name": "out",
              "path": "/nix/store/nwazbvw2ykpnyaynixz9y5vq7vk3qmzj-kind-0.31.0",
              "default": true
            }
          ],
          "store_path": "/nix/store/nwazbvw2ykpnyaynixz9y5vq7vk3qmzj-kind-0.31.0"
        }
      }
    },
    "kubectl@1.32.0": {
      "last_modified": "2025-01-19T08:16:51Z",
      "resolved": "github:NixOS/nixpkgs/50165c4f7eb48ce82bd063e1fb8047a0f515f8ce#kubectl",
      "source": "devbox-search",
      "version": "1.32.0",
      "systems": {
        "aarch64-darwin": {
          "outputs": [
            {
              "name": "out",
              "path": "/nix/store/9avkkws72m6f410b9q5ckbzn5fp2h5m8-kubectl-1.32.0",
              "default": true
            },
            {
              "name": "man",
              "path": "/nix/store/6k9g8b60g442x0vbhsb324qpm0fq8c0p-kubectl-1.32.0-man",
              "default": true
            },
            {
              "name": "convert",
              "path": "/nix/store/7sgpx5al1b37xgz21l0wvcxm99ik67sm-kubectl-1.32.0-convert"
            }
          ],
          "store_path": "/nix/store/9avkkws72m6f410b9q5ckbzn5fp2h5m8-kubectl-1.32.0"
        },
        "aarch64-linux": {
          "outputs": [
            {
              "name": "out",
              "path": "/nix/store/ck2qc4g5w1dalhxih4mfmis8kwp3fg57-kubectl-1.32.0",
              "default": true
            },
            {
              "name": "man",
              "path": "/nix/store/d4m5wn22nci79k8xc6r8dp08cpggg6dw-kubectl-1.32.0-man",
              "default": true
            },
            {
              "name": "convert",
              "path": "/nix/store/hr38x7cqf2hf710y9ns568iyjbrggdl3-kubectl-1.32.0-convert"
            }
          ],
          "store_path": "/nix/store/ck2qc4g5w1dalhxih4mfmis8kwp3fg57-kubectl-1.32.0"
        },
        "x86_64-darwin": {
          "outputs": [
            {
              "name": "out",
              "path": "/nix/store/v3d4qcwfmp65064pj00clgbmdja5bc28-kubectl-1.32.0",
              "default": true
            },
            {
              "name": "man",
              "path": "/nix/store/blnc9pkgp6da3smmvncps3w4ri1rs976-kubectl-1.32.0-man",
              "default": true
            },
            {
              "name": "convert",
              "path": "/nix/store/d37gvn57rl4y75zby09w90sscawxgjff-kubectl-1.32.0-convert"
            }
          ],
          "store_path": "/nix/store/v3d4qcwfmp65064pj00clgbmdja5bc28-kubectl-1.32.0"
        },
        "x86_64-linux": {
          "outputs": [
            {
              "name": "out",
              "path": "/nix/store/s8gw1z32mrkrzkw30f3fkswmkv4s9pm5-kubectl-1.32.0",
              "default": true
            },
            {
              "name": "man",
              "path": "/nix/store/b2j2ch74xilbc705wah7rn0qacmidnv0-kubectl-1.32.0-man",
              "default": true
            },
            {
              "name": "convert",
              "path": "/nix/store/zc7mvznrfmdgv9hdc74fpivnrqypp660-kubectl-1.32.0-convert"
            }
          ],
          "store_path": "/nix/store/s8gw1z32mrkrzkw30f3fkswmkv4s9pm5-kubectl-1.32.0"
        }
      }
    },
    "kubernetes-helm@3.20.2": {
      "last_modified": "2026-05-21T08:15:18Z",
      "resolved": "github:NixOS/nixpkgs/4a29d733e8a7d5b824c3d8c958a946a9867b3eb2#kubernetes-helm",
      "source": "devbox-search",
      "version": "3.20.2",
      "systems": {
        "aarch64-darwin": {
          "outputs": [
            {
              "name": "out",
              "path": "/nix/store/gkrsgz343hdglwf80sd6bm03lsg6x4kr-kubernetes-helm-3.20.2",
              "default": true
            }
          ],
          "store_path": "/nix/store/gkrsgz343hdglwf80sd6bm03lsg6x4kr-kubernetes-helm-3.20.2"
        },
        "aarch64-linux": {
          "outputs": [
            {
              "name": "out",
              "path": "/nix/store/aw83ikfgr397vj9nac8j5vcdpr22hy56-kubernetes-helm-3.20.2",
              "default": true
            }
          ],
          "store_path": "/nix/store/aw83ikfgr397vj9nac8j5vcdpr22hy56-kubernetes-helm-3.20.2"
        },
        "x86_64-darwin": {
          "outputs": [
            {
              "name": "out",
              "path": "/nix/store/hqqx1aqvh7j75p9i89chhs7zdrr3m7nd-kubernetes-helm-3.20.2",
              "default": true
            }
          ],
          "store_path": "/nix/store/hqqx1aqvh7j75p9i89chhs7zdrr3m7nd-kubernetes-helm-3.20.2"
        },
        "x86_64-linux": {
          "outputs": [
            {
              "name": "out",
              "path": "/nix/store/89r6lacw4snczana92k6sm8cxw61iq9k-kubernetes-helm-3.20.2",
              "default": true
            }
          ],
          "store_path": "/nix/store/89r6lacw4snczana92k6sm8cxw61iq9k-kubernetes-helm-3.20.2"
        }
      }
    }
  }
}
