{
  "lockfile_version": "1",
  "packages": {
    "docker@24.0.5": {
      "last_modified": "2024-03-28T11:17:37Z",
      "resolved": "github:NixOS/nixpkgs/72c6ed328aa4e5d9151b1a512f6ad83aca7529fa#docker",
      "source": "devbox-search",
      "version": "24.0.5",
      "systems": {
        "aarch64-darwin": {
          "outputs": [
            {
              "name": "out",
              "path": "/nix/store/7w9lk9nnxd1r6mqzjd3lf5grxlv6wps8-docker-24.0.5",
              "default": true
            }
          ],
          "store_path": "/nix/store/7w9lk9nnxd1r6mqzjd3lf5grxlv6wps8-docker-24.0.5"
        },
        "aarch64-linux": {
          "outputs": [
            {
              "name": "out",
              "path": "/nix/store/mlld9mk19i95qy86aqsxx66lcjn80425-docker-24.0.5",
              "default": true
            }
          ],
          "store_path": "/nix/store/mlld9mk19i95qy86aqsxx66lcjn80425-docker-24.0.5"
        },
        "x86_64-darwin": {
          "outputs": [
            {
              "name": "out",
              "path": "/nix/store/dah1dkdfi11bai33iy2cb2bzy5b1lf5d-docker-24.0.5",
              "default": true
            }
          ],
          "store_path": "/nix/store/dah1dkdfi11bai33iy2cb2bzy5b1lf5d-docker-24.0.5"
        },
        "x86_64-linux": {
          "outputs": [
            {
              "name": "out",
              "path": "/nix/store/2fg8vp4ll37g493li008sxixaqs54wwf-docker-24.0.5",
              "default": true
            }
          ],
          "store_path": "/nix/store/2fg8vp4ll37g493li008sxixaqs54wwf-docker-24.0.5"
        }
      }
    },
    "helmfile@0.158.1": {
      "last_modified": "2023-11-17T14:14:56Z",
      "resolved": "github:NixOS/nixpkgs/a71323f68d4377d12c04a5410e214495ec598d4c#helmfile",
      "source": "devbox-search",
      "version": "0.158.1",
      "systems": {
        "aarch64-darwin": {
          "outputs": [
            {
              "name": "out",
              "path": "/nix/store/6bmvbkrrnlnaw7alyw3l321a7z146n0z-helmfile-0.158.1",
              "default": true
            }
          ],
          "store_path": "/nix/store/6bmvbkrrnlnaw7alyw3l321a7z146n0z-helmfile-0.158.1"
        },
        "aarch64-linux": {
          "outputs": [
            {
              "name": "out",
              "path": "/nix/store/wvrl8vinig4d0bw0bvx3x0n2nma5iv78-helmfile-0.158.1",
              "default": true
            }
          ],
          "store_path": "/nix/store/wvrl8vinig4d0bw0bvx3x0n2nma5iv78-helmfile-0.158.1"
        },
        "x86_64-darwin": {
          "outputs": [
            {
              "name": "out",
              "path": "/nix/store/vagqmvpahw6g0fv6kxb6y7x1ybd3s84d-helmfile-0.158.1",
              "default": true
            }
          ],
          "store_path": "/nix/store/vagqmvpahw6g0fv6kxb6y7x1ybd3s84d-helmfile-0.158.1"
        },
        "x86_64-linux": {
          "outputs": [
            {
              "name": "out",
              "path": "/nix/store/gxfqwypyri8a9yx3mbdg69wm1p01gk51-helmfile-0.158.1",
              "default": true
            }
          ],
          "store_path": "/nix/store/gxfqwypyri8a9yx3mbdg69wm1p01gk51-helmfile-0.158.1"
        }
      }
    },
    "kind@0.20.0": {
      "last_modified": "2024-02-10T18:15:24Z",
      "resolved": "github:NixOS/nixpkgs/10b813040df67c4039086db0f6eaf65c536886c6#kind",
      "source": "devbox-search",
      "version": "0.20.0",
      "systems": {
        "aarch64-darwin": {
          "outputs": [
            {
              "name": "out",
              "path": "/nix/store/sl5an1rkib19j4z73hhhzf65rs8ada64-kind-0.20.0",
              "default": true
            }
          ],
          "store_path": "/nix/store/sl5an1rkib19j4z73hhhzf65rs8ada64-kind-0.20.0"
        },
        "aarch64-linux": {
          "outputs": [
            {
              "name": "out",
              "path": "/nix/store/39pds00c8b6nfvbywnx9hv4lfv6y97g3-kind-0.20.0",
              "default": true
            }
          ],
          "store_path": "/nix/store/39pds00c8b6nfvbywnx9hv4lfv6y97g3-kind-0.20.0"
        },
        "x86_64-darwin": {
          "outputs": [
            {
              "name": "out",
              "path": "/nix/store/1lj63abnddz7vqy035dic06va9hqz03j-kind-0.20.0",
              "default": true
            }
          ],
          "store_path": "/nix/store/1lj63abnddz7vqy035dic06va9hqz03j-kind-0.20.0"
        },
        "x86_64-linux": {
          "outputs": [
            {
              "name": "out",
              "path": "/nix/store/3198mmaklq11mifdyjn1pvniamhr7n64-kind-0.20.0",
              "default": true
            }
          ],
          "store_path": "/nix/store/3198mmaklq11mifdyjn1pvniamhr7n64-kind-0.20.0"
        }
      }
    },
    "kubectl@1.26.3": {
      "last_modified": "2023-03-28T10:29:13Z",
      "resolved": "github:NixOS/nixpkgs/98f3b08f58ff125ef02d55cd52a83f44f245f2ea#kubectl",
      "source": "devbox-search",
      "version": "1.26.3",
      "systems": {
        "aarch64-darwin": {
          "outputs": [
            {
              "name": "out",
              "path": "/nix/store/qm3s45lnd81xprab9fl4lqhncmsn34z1-kubectl-1.26.3",
              "default": true
            },
            {
              "name": "man",
              "path": "/nix/store/6nkb312q5hljr3kd5laixzi64jj1h0p9-kubectl-1.26.3-man",
              "default": true
            },
            {
              "name": "convert",
              "path": "/nix/store/pac0znvnzqiadna7db1zv7i7q7vzn842-kubectl-1.26.3-convert"
            }
          ],
          "store_path": "/nix/store/qm3s45lnd81xprab9fl4lqhncmsn34z1-kubectl-1.26.3"
        },
        "aarch64-linux": {
          "outputs": [
            {
              "name": "out",
              "path": "/nix/store/xl9pg58373mx6s35ng43ymq2ssn8p1r7-kubectl-1.26.3",
              "default": true
            },
            {
              "name": "man",
              "path": "/nix/store/0lxlr8a4jskckzi5qwjwayl6wqwfcff2-kubectl-1.26.3-man",
              "default": true
            },
            {
              "name": "convert",
              "path": "/nix/store/hj94rf2274ni6v2j0nzg0l9mv6rkbjmn-kubectl-1.26.3-convert"
            }
          ],
          "store_path": "/nix/store/xl9pg58373mx6s35ng43ymq2ssn8p1r7-kubectl-1.26.3"
        },
        "x86_64-darwin": {
          "outputs": [
            {
              "name": "out",
              "path": "/nix/store/10mf3ym7zbqhxi95mfgid8g1q9vq74wm-kubectl-1.26.3",
              "default": true
            },
            {
              "name": "man",
              "path": "/nix/store/8wxz8gj3rjjcq8wmrncaiyvjfyrdkgn6-kubectl-1.26.3-man",
              "default": true
            },
            {
              "name": "convert",
              "path": "/nix/store/j52fgal796sck2w56474fhqkb44ijly5-kubectl-1.26.3-convert"
            }
          ],
          "store_path": "/nix/store/10mf3ym7zbqhxi95mfgid8g1q9vq74wm-kubectl-1.26.3"
        },
        "x86_64-linux": {
          "outputs": [
            {
              "name": "out",
              "path": "/nix/store/383vvhj3vrnh3nldqcgrv0n0yq0r2jx6-kubectl-1.26.3",
              "default": true
            },
            {
              "name": "man",
              "path": "/nix/store/xpw5md7yrdnbsa79dk2iqgj12f7lrwqb-kubectl-1.26.3-man",
              "default": true
            },
            {
              "name": "convert",
              "path": "/nix/store/d410a2cycifp1mpj9z8p5f2fgwz4wsgs-kubectl-1.26.3-convert"
            }
          ],
          "store_path": "/nix/store/383vvhj3vrnh3nldqcgrv0n0yq0r2jx6-kubectl-1.26.3"
        }
      }
    },
    "kubernetes-helm@3.15.4": {
      "last_modified": "2024-08-31T10:12:23Z",
      "resolved": "github:NixOS/nixpkgs/5629520edecb69630a3f4d17d3d33fc96c13f6fe#kubernetes-helm",
      "source": "devbox-search",
      "version": "3.15.4",
      "systems": {
        "aarch64-darwin": {
          "outputs": [
            {
              "name": "out",
              "path": "/nix/store/l0kxgyk3lbb5m1nn3j4d9yv9n4dm2xv3-kubernetes-helm-3.15.4",
              "default": true
            }
          ],
          "store_path": "/nix/store/l0kxgyk3lbb5m1nn3j4d9yv9n4dm2xv3-kubernetes-helm-3.15.4"
        },
        "aarch64-linux": {
          "outputs": [
            {
              "name": "out",
              "path": "/nix/store/4c83c3sdpdx9kwfz7ac8pq8gc9bzc1ai-kubernetes-helm-3.15.4",
              "default": true
            }
          ],
          "store_path": "/nix/store/4c83c3sdpdx9kwfz7ac8pq8gc9bzc1ai-kubernetes-helm-3.15.4"
        },
        "x86_64-darwin": {
          "outputs": [
            {
              "name": "out",
              "path": "/nix/store/mh6n7hjjb3i01cx44hgggryyskbn8mrj-kubernetes-helm-3.15.4",
              "default": true
            }
          ],
          "store_path": "/nix/store/mh6n7hjjb3i01cx44hgggryyskbn8mrj-kubernetes-helm-3.15.4"
        },
        "x86_64-linux": {
          "outputs": [
            {
              "name": "out",
              "path": "/nix/store/ii5025malv11pzdf55aw819hzmph3dr8-kubernetes-helm-3.15.4",
              "default": true
            }
          ],
          "store_path": "/nix/store/ii5025malv11pzdf55aw819hzmph3dr8-kubernetes-helm-3.15.4"
        }
      }
    }
  }
}
